
Microsoft Visual Studio Solution File, Format Version 12.00
# Visual Studio Version 16
VisualStudioVersion = 16.0.32002.261
MinimumVisualStudioVersion = 10.0.40219.1
Project("{9A19103F-16F7-4668-BE54-9A1E7A4F7556}") = "DataBaseObjects", "DataBaseObjects\DataBaseObjects.csproj", "{AF127E33-57CF-4934-9F34-2958CD0CF904}"
EndProject
Project("{9A19103F-16F7-4668-BE54-9A1E7A4F7556}") = "UnitTests", "DataBaseObjectsTests\UnitTests.csproj", "{3C28E0FF-67BC-47EA-907E-34809813B3E6}"
EndProject
Project("{9A19103F-16F7-4668-BE54-9A1E7A4F7556}") = "QueryBuilder", "SqlKata\QueryBuilder\QueryBuilder.csproj", "{1AD4FC04-0091-48A0-85CD-3EF23D8D0EE5}"
EndProject
Project("{9A19103F-16F7-4668-BE54-9A1E7A4F7556}") = "MSOfficeCompilers", "MSOfficeCompilers\MSOfficeCompilers.csproj", "{687F96E0-FE60-4A32-91CA-E369C42AEEFB}"
EndProject
Project("{9A19103F-16F7-4668-BE54-9A1E7A4F7556}") = "MSOfficeDatabaseObjects", "MSOfficeDatabaseObjects\MSOfficeDatabaseObjects.csproj", "{056D03AC-3383-4322-BA35-F17E8FBD707A}"
EndProject
Project("{9A19103F-16F7-4668-BE54-9A1E7A4F7556}") = "System.Extensions", "..\ExtensionMethods\System.Extensions\System.Extensions.csproj", "{9EE0FD9B-281B-4AE4-82D6-876076E5421C}"
EndProject
Project("{9A19103F-16F7-4668-BE54-9A1E7A4F7556}") = "DBO_SqlLite", "DBO_SqlLite\DBO_SqlLite.csproj", "{D13A5D33-C5CB-47F9-98BD-63C0A4CFB2EE}"
EndProject
Project("{9A19103F-16F7-4668-BE54-9A1E7A4F7556}") = "DBO_SqlServer", "DBO_SqlServer\DBO_SqlServer.csproj", "{D871B84D-5B01-4D3D-93DD-2F5E379AA898}"
EndProject
Global
	GlobalSection(SolutionConfigurationPlatforms) = preSolution
		Debug|Any CPU = Debug|Any CPU
		Debug|x64 = Debug|x64
		Debug|x86 = Debug|x86
		Release|Any CPU = Release|Any CPU
		Release|x64 = Release|x64
		Release|x86 = Release|x86
	EndGlobalSection
	GlobalSection(ProjectConfigurationPlatforms) = postSolution
		{AF127E33-57CF-4934-9F34-2958CD0CF904}.Debug|Any CPU.ActiveCfg = Debug|Any CPU
		{AF127E33-57CF-4934-9F34-2958CD0CF904}.Debug|x64.ActiveCfg = Debug|Any CPU
		{AF127E33-57CF-4934-9F34-2958CD0CF904}.Debug|x64.Build.0 = Debug|Any CPU
		{AF127E33-57CF-4934-9F34-2958CD0CF904}.Debug|x86.ActiveCfg = Debug|x86
		{AF127E33-57CF-4934-9F34-2958CD0CF904}.Debug|x86.Build.0 = Debug|x86
		{AF127E33-57CF-4934-9F34-2958CD0CF904}.Release|Any CPU.ActiveCfg = Release|x86
		{AF127E33-57CF-4934-9F34-2958CD0CF904}.Release|x64.ActiveCfg = Release|x64
		{AF127E33-57CF-4934-9F34-2958CD0CF904}.Release|x64.Build.0 = Release|x64
		{AF127E33-57CF-4934-9F34-2958CD0CF904}.Release|x86.ActiveCfg = Release|x86
		{AF127E33-57CF-4934-9F34-2958CD0CF904}.Release|x86.Build.0 = Release|x86
		{3C28E0FF-67BC-47EA-907E-34809813B3E6}.Debug|Any CPU.ActiveCfg = Debug|x86
		{3C28E0FF-67BC-47EA-907E-34809813B3E6}.Debug|x64.ActiveCfg = Debug|x64
		{3C28E0FF-67BC-47EA-907E-34809813B3E6}.Debug|x64.Build.0 = Debug|x64
		{3C28E0FF-67BC-47EA-907E-34809813B3E6}.Debug|x86.ActiveCfg = Debug|x86
		{3C28E0FF-67BC-47EA-907E-34809813B3E6}.Debug|x86.Build.0 = Debug|x86
		{3C28E0FF-67BC-47EA-907E-34809813B3E6}.Release|Any CPU.ActiveCfg = Release|x86
		{3C28E0FF-67BC-47EA-907E-34809813B3E6}.Release|x64.ActiveCfg = Release|x64
		{3C28E0FF-67BC-47EA-907E-34809813B3E6}.Release|x64.Build.0 = Release|x64
		{3C28E0FF-67BC-47EA-907E-34809813B3E6}.Release|x86.ActiveCfg = Release|x86
		{3C28E0FF-67BC-47EA-907E-34809813B3E6}.Release|x86.Build.0 = Release|x86
		{1AD4FC04-0091-48A0-85CD-3EF23D8D0EE5}.Debug|Any CPU.ActiveCfg = Debug|Any CPU
		{1AD4FC04-0091-48A0-85CD-3EF23D8D0EE5}.Debug|Any CPU.Build.0 = Debug|Any CPU
		{1AD4FC04-0091-48A0-85CD-3EF23D8D0EE5}.Debug|x64.ActiveCfg = Debug|Any CPU
		{1AD4FC04-0091-48A0-85CD-3EF23D8D0EE5}.Debug|x64.Build.0 = Debug|Any CPU
		{1AD4FC04-0091-48A0-85CD-3EF23D8D0EE5}.Debug|x86.ActiveCfg = Debug|Any CPU
		{1AD4FC04-0091-48A0-85CD-3EF23D8D0EE5}.Debug|x86.Build.0 = Debug|Any CPU
		{1AD4FC04-0091-48A0-85CD-3EF23D8D0EE5}.Release|Any CPU.ActiveCfg = Release|Any CPU
		{1AD4FC04-0091-48A0-85CD-3EF23D8D0EE5}.Release|Any CPU.Build.0 = Release|Any CPU
		{1AD4FC04-0091-48A0-85CD-3EF23D8D0EE5}.Release|x64.ActiveCfg = Release|Any CPU
		{1AD4FC04-0091-48A0-85CD-3EF23D8D0EE5}.Release|x64.Build.0 = Release|Any CPU
		{1AD4FC04-0091-48A0-85CD-3EF23D8D0EE5}.Release|x86.ActiveCfg = Release|Any CPU
		{1AD4FC04-0091-48A0-85CD-3EF23D8D0EE5}.Release|x86.Build.0 = Release|Any CPU
		{687F96E0-FE60-4A32-91CA-E369C42AEEFB}.Debug|Any CPU.ActiveCfg = Debug|Any CPU
		{687F96E0-FE60-4A32-91CA-E369C42AEEFB}.Debug|Any CPU.Build.0 = Debug|Any CPU
		{687F96E0-FE60-4A32-91CA-E369C42AEEFB}.Debug|x64.ActiveCfg = Debug|Any CPU
		{687F96E0-FE60-4A32-91CA-E369C42AEEFB}.Debug|x64.Build.0 = Debug|Any CPU
		{687F96E0-FE60-4A32-91CA-E369C42AEEFB}.Debug|x86.ActiveCfg = Debug|Any CPU
		{687F96E0-FE60-4A32-91CA-E369C42AEEFB}.Debug|x86.Build.0 = Debug|Any CPU
		{687F96E0-FE60-4A32-91CA-E369C42AEEFB}.Release|Any CPU.ActiveCfg = Release|Any CPU
		{687F96E0-FE60-4A32-91CA-E369C42AEEFB}.Release|Any CPU.Build.0 = Release|Any CPU
		{687F96E0-FE60-4A32-91CA-E369C42AEEFB}.Release|x64.ActiveCfg = Release|Any CPU
		{687F96E0-FE60-4A32-91CA-E369C42AEEFB}.Release|x64.Build.0 = Release|Any CPU
		{687F96E0-FE60-4A32-91CA-E369C42AEEFB}.Release|x86.ActiveCfg = Release|Any CPU
		{687F96E0-FE60-4A32-91CA-E369C42AEEFB}.Release|x86.Build.0 = Release|Any CPU
		{056D03AC-3383-4322-BA35-F17E8FBD707A}.Debug|Any CPU.ActiveCfg = Debug|Any CPU
		{056D03AC-3383-4322-BA35-F17E8FBD707A}.Debug|Any CPU.Build.0 = Debug|Any CPU
		{056D03AC-3383-4322-BA35-F17E8FBD707A}.Debug|x64.ActiveCfg = Debug|x86
		{056D03AC-3383-4322-BA35-F17E8FBD707A}.Debug|x64.Build.0 = Debug|x86
		{056D03AC-3383-4322-BA35-F17E8FBD707A}.Debug|x86.ActiveCfg = Debug|Any CPU
		{056D03AC-3383-4322-BA35-F17E8FBD707A}.Debug|x86.Build.0 = Debug|Any CPU
		{056D03AC-3383-4322-BA35-F17E8FBD707A}.Release|Any CPU.ActiveCfg = Release|Any CPU
		{056D03AC-3383-4322-BA35-F17E8FBD707A}.Release|Any CPU.Build.0 = Release|Any CPU
		{056D03AC-3383-4322-BA35-F17E8FBD707A}.Release|x64.ActiveCfg = Release|Any CPU
		{056D03AC-3383-4322-BA35-F17E8FBD707A}.Release|x64.Build.0 = Release|Any CPU
		{056D03AC-3383-4322-BA35-F17E8FBD707A}.Release|x86.ActiveCfg = Release|Any CPU
		{056D03AC-3383-4322-BA35-F17E8FBD707A}.Release|x86.Build.0 = Release|Any CPU
		{9EE0FD9B-281B-4AE4-82D6-876076E5421C}.Debug|Any CPU.ActiveCfg = Debug|Any CPU
		{9EE0FD9B-281B-4AE4-82D6-876076E5421C}.Debug|Any CPU.Build.0 = Debug|Any CPU
		{9EE0FD9B-281B-4AE4-82D6-876076E5421C}.Debug|x64.ActiveCfg = Debug|Any CPU
		{9EE0FD9B-281B-4AE4-82D6-876076E5421C}.Debug|x64.Build.0 = Debug|Any CPU
		{9EE0FD9B-281B-4AE4-82D6-876076E5421C}.Debug|x86.ActiveCfg = Debug|x86
		{9EE0FD9B-281B-4AE4-82D6-876076E5421C}.Debug|x86.Build.0 = Debug|x86
		{9EE0FD9B-281B-4AE4-82D6-876076E5421C}.Release|Any CPU.ActiveCfg = Release|Any CPU
		{9EE0FD9B-281B-4AE4-82D6-876076E5421C}.Release|Any CPU.Build.0 = Release|Any CPU
		{9EE0FD9B-281B-4AE4-82D6-876076E5421C}.Release|x64.ActiveCfg = Release|x64
		{9EE0FD9B-281B-4AE4-82D6-876076E5421C}.Release|x64.Build.0 = Release|x64
		{9EE0FD9B-281B-4AE4-82D6-876076E5421C}.Release|x86.ActiveCfg = Release|x86
		{9EE0FD9B-281B-4AE4-82D6-876076E5421C}.Release|x86.Build.0 = Release|x86
		{D13A5D33-C5CB-47F9-98BD-63C0A4CFB2EE}.Debug|Any CPU.ActiveCfg = Debug|Any CPU
		{D13A5D33-C5CB-47F9-98BD-63C0A4CFB2EE}.Debug|Any CPU.Build.0 = Debug|Any CPU
		{D13A5D33-C5CB-47F9-98BD-63C0A4CFB2EE}.Debug|x64.ActiveCfg = Debug|Any CPU
		{D13A5D33-C5CB-47F9-98BD-63C0A4CFB2EE}.Debug|x64.Build.0 = Debug|Any CPU
		{D13A5D33-C5CB-47F9-98BD-63C0A4CFB2EE}.Debug|x86.ActiveCfg = Debug|Any CPU
		{D13A5D33-C5CB-47F9-98BD-63C0A4CFB2EE}.Debug|x86.Build.0 = Debug|Any CPU
		{D13A5D33-C5CB-47F9-98BD-63C0A4CFB2EE}.Release|Any CPU.ActiveCfg = Release|Any CPU
		{D13A5D33-C5CB-47F9-98BD-63C0A4CFB2EE}.Release|Any CPU.Build.0 = Release|Any CPU
		{D13A5D33-C5CB-47F9-98BD-63C0A4CFB2EE}.Release|x64.ActiveCfg = Release|Any CPU
		{D13A5D33-C5CB-47F9-98BD-63C0A4CFB2EE}.Release|x64.Build.0 = Release|Any CPU
		{D13A5D33-C5CB-47F9-98BD-63C0A4CFB2EE}.Release|x86.ActiveCfg = Release|Any CPU
		{D13A5D33-C5CB-47F9-98BD-63C0A4CFB2EE}.Release|x86.Build.0 = Release|Any CPU
		{D871B84D-5B01-4D3D-93DD-2F5E379AA898}.Debug|Any CPU.ActiveCfg = Debug|Any CPU
		{D871B84D-5B01-4D3D-93DD-2F5E379AA898}.Debug|Any CPU.Build.0 = Debug|Any CPU
		{D871B84D-5B01-4D3D-93DD-2F5E379AA898}.Debug|x64.ActiveCfg = Debug|Any CPU
		{D871B84D-5B01-4D3D-93DD-2F5E379AA898}.Debug|x64.Build.0 = Debug|Any CPU
		{D871B84D-5B01-4D3D-93DD-2F5E379AA898}.Debug|x86.ActiveCfg = Debug|Any CPU
		{D871B84D-5B01-4D3D-93DD-2F5E379AA898}.Debug|x86.Build.0 = Debug|Any CPU
		{D871B84D-5B01-4D3D-93DD-2F5E379AA898}.Release|Any CPU.ActiveCfg = Release|Any CPU
		{D871B84D-5B01-4D3D-93DD-2F5E379AA898}.Release|Any CPU.Build.0 = Release|Any CPU
		{D871B84D-5B01-4D3D-93DD-2F5E379AA898}.Release|x64.ActiveCfg = Release|Any CPU
		{D871B84D-5B01-4D3D-93DD-2F5E379AA898}.Release|x64.Build.0 = Release|Any CPU
		{D871B84D-5B01-4D3D-93DD-2F5E379AA898}.Release|x86.ActiveCfg = Release|Any CPU
		{D871B84D-5B01-4D3D-93DD-2F5E379AA898}.Release|x86.Build.0 = Release|Any CPU
	EndGlobalSection
	GlobalSection(SolutionProperties) = preSolution
		HideSolutionNode = FALSE
	EndGlobalSection
	GlobalSection(ExtensibilityGlobals) = postSolution
		SolutionGuid = {CE4F9D4C-ACA8-417E-9D39-05ADAD769134}
	EndGlobalSection
EndGlobal
